[[package]]
name = "adler32"
version = "1.0.2"
source = "registry+https://github.com/rust-lang/crates.io-index"

[[package]]
name = "aho-corasick"
version = "0.5.3"
source = "registry+https://github.com/rust-lang/crates.io-index"
dependencies = [
 "memchr 0.1.11 (registry+https://github.com/rust-lang/crates.io-index)",
]

[[package]]
name = "aho-corasick"
version = "0.6.4"
source = "registry+https://github.com/rust-lang/crates.io-index"
dependencies = [
 "memchr 2.0.1 (registry+https://github.com/rust-lang/crates.io-index)",
]

[[package]]
name = "alga"
version = "0.5.2"
source = "registry+https://github.com/rust-lang/crates.io-index"
dependencies = [
 "approx 0.1.1 (registry+https://github.com/rust-lang/crates.io-index)",
 "num-complex 0.1.41 (registry+https://github.com/rust-lang/crates.io-index)",
 "num-traits 0.1.41 (registry+https://github.com/rust-lang/crates.io-index)",
]

[[package]]
name = "approx"
version = "0.1.1"
source = "registry+https://github.com/rust-lang/crates.io-index"

[[package]]
name = "arrayvec"
version = "0.4.6"
source = "registry+https://github.com/rust-lang/crates.io-index"
dependencies = [
 "nodrop 0.1.12 (registry+https://github.com/rust-lang/crates.io-index)",
]

[[package]]
name = "assert_approx_eq"
version = "1.0.0"
source = "registry+https://github.com/rust-lang/crates.io-index"

[[package]]
name = "backtrace"
version = "0.3.5"
source = "registry+https://github.com/rust-lang/crates.io-index"
dependencies = [
 "backtrace-sys 0.1.16 (registry+https://github.com/rust-lang/crates.io-index)",
 "cfg-if 0.1.2 (registry+https://github.com/rust-lang/crates.io-index)",
 "libc 0.2.35 (registry+https://github.com/rust-lang/crates.io-index)",
 "rustc-demangle 0.1.5 (registry+https://github.com/rust-lang/crates.io-index)",
 "winapi 0.3.3 (registry+https://github.com/rust-lang/crates.io-index)",
]

[[package]]
name = "backtrace-sys"
version = "0.1.16"
source = "registry+https://github.com/rust-lang/crates.io-index"
dependencies = [
 "cc 1.0.4 (registry+https://github.com/rust-lang/crates.io-index)",
 "libc 0.2.35 (registry+https://github.com/rust-lang/crates.io-index)",
]

[[package]]
name = "bitflags"
version = "0.9.1"
source = "registry+https://github.com/rust-lang/crates.io-index"

[[package]]
name = "bitflags"
version = "1.0.1"
source = "registry+https://github.com/rust-lang/crates.io-index"

[[package]]
name = "byteorder"
version = "0.4.2"
source = "registry+https://github.com/rust-lang/crates.io-index"

[[package]]
name = "byteorder"
version = "1.2.1"
source = "registry+https://github.com/rust-lang/crates.io-index"

[[package]]
name = "cc"
version = "1.0.4"
source = "registry+https://github.com/rust-lang/crates.io-index"

[[package]]
name = "cfg-if"
version = "0.1.2"
source = "registry+https://github.com/rust-lang/crates.io-index"

[[package]]
name = "chrono"
version = "0.4.0"
source = "registry+https://github.com/rust-lang/crates.io-index"
dependencies = [
 "num 0.1.41 (registry+https://github.com/rust-lang/crates.io-index)",
 "time 0.1.39 (registry+https://github.com/rust-lang/crates.io-index)",
]

[[package]]
name = "coco"
version = "0.1.1"
source = "registry+https://github.com/rust-lang/crates.io-index"
dependencies = [
 "either 1.4.0 (registry+https://github.com/rust-lang/crates.io-index)",
 "scopeguard 0.3.3 (registry+https://github.com/rust-lang/crates.io-index)",
]

[[package]]
name = "color_quant"
version = "1.0.0"
source = "registry+https://github.com/rust-lang/crates.io-index"

[[package]]
name = "conv"
version = "0.3.3"
source = "registry+https://github.com/rust-lang/crates.io-index"
dependencies = [
 "custom_derive 0.1.7 (registry+https://github.com/rust-lang/crates.io-index)",
]

[[package]]
name = "custom_derive"
version = "0.1.7"
source = "registry+https://github.com/rust-lang/crates.io-index"

[[package]]
name = "deflate"
version = "0.7.17"
source = "registry+https://github.com/rust-lang/crates.io-index"
dependencies = [
 "adler32 1.0.2 (registry+https://github.com/rust-lang/crates.io-index)",
 "byteorder 1.2.1 (registry+https://github.com/rust-lang/crates.io-index)",
]

[[package]]
name = "derivers"
version = "0.1.0"
dependencies = [
 "chrono 0.4.0 (registry+https://github.com/rust-lang/crates.io-index)",
 "docopt 0.8.3 (registry+https://github.com/rust-lang/crates.io-index)",
 "geo 0.4.13 (registry+https://github.com/rust-lang/crates.io-index)",
 "gpx 0.1.0 (registry+https://github.com/rust-lang/crates.io-index)",
 "image 0.18.0 (registry+https://github.com/rust-lang/crates.io-index)",
 "imageproc 0.13.0 (registry+https://github.com/rust-lang/crates.io-index)",
 "lazy_static 1.0.0 (registry+https://github.com/rust-lang/crates.io-index)",
 "libc 0.2.35 (registry+https://github.com/rust-lang/crates.io-index)",
 "palette 0.2.1 (registry+https://github.com/rust-lang/crates.io-index)",
 "rayon 0.9.0 (registry+https://github.com/rust-lang/crates.io-index)",
 "rusttype 0.2.3 (registry+https://github.com/rust-lang/crates.io-index)",
 "serde 1.0.27 (registry+https://github.com/rust-lang/crates.io-index)",
 "serde_derive 1.0.27 (registry+https://github.com/rust-lang/crates.io-index)",
]

[[package]]
name = "docopt"
version = "0.8.3"
source = "registry+https://github.com/rust-lang/crates.io-index"
dependencies = [
 "lazy_static 1.0.0 (registry+https://github.com/rust-lang/crates.io-index)",
 "regex 0.2.5 (registry+https://github.com/rust-lang/crates.io-index)",
 "serde 1.0.27 (registry+https://github.com/rust-lang/crates.io-index)",
 "serde_derive 1.0.27 (registry+https://github.com/rust-lang/crates.io-index)",
 "strsim 0.6.0 (registry+https://github.com/rust-lang/crates.io-index)",
]

[[package]]
name = "either"
version = "1.4.0"
source = "registry+https://github.com/rust-lang/crates.io-index"

[[package]]
name = "enum_primitive"
version = "0.1.1"
source = "registry+https://github.com/rust-lang/crates.io-index"
dependencies = [
 "num-traits 0.1.41 (registry+https://github.com/rust-lang/crates.io-index)",
]

[[package]]
name = "env_logger"
version = "0.3.5"
source = "registry+https://github.com/rust-lang/crates.io-index"
dependencies = [
 "log 0.3.9 (registry+https://github.com/rust-lang/crates.io-index)",
 "regex 0.1.80 (registry+https://github.com/rust-lang/crates.io-index)",
]

[[package]]
name = "error-chain"
version = "0.11.0"
source = "registry+https://github.com/rust-lang/crates.io-index"
dependencies = [
 "backtrace 0.3.5 (registry+https://github.com/rust-lang/crates.io-index)",
]

[[package]]
name = "fuchsia-zircon"
version = "0.3.3"
source = "registry+https://github.com/rust-lang/crates.io-index"
dependencies = [
 "bitflags 1.0.1 (registry+https://github.com/rust-lang/crates.io-index)",
 "fuchsia-zircon-sys 0.3.3 (registry+https://github.com/rust-lang/crates.io-index)",
]

[[package]]
name = "fuchsia-zircon-sys"
version = "0.3.3"
source = "registry+https://github.com/rust-lang/crates.io-index"

[[package]]
name = "generic-array"
version = "0.2.1"
source = "registry+https://github.com/rust-lang/crates.io-index"
dependencies = [
 "typenum 1.9.0 (registry+https://github.com/rust-lang/crates.io-index)",
]

[[package]]
name = "geo"
version = "0.4.13"
source = "registry+https://github.com/rust-lang/crates.io-index"
dependencies = [
 "num-traits 0.1.41 (registry+https://github.com/rust-lang/crates.io-index)",
 "serde 1.0.27 (registry+https://github.com/rust-lang/crates.io-index)",
 "serde_derive 1.0.27 (registry+https://github.com/rust-lang/crates.io-index)",
]

[[package]]
name = "gif"
version = "0.9.2"
source = "registry+https://github.com/rust-lang/crates.io-index"
dependencies = [
 "color_quant 1.0.0 (registry+https://github.com/rust-lang/crates.io-index)",
 "lzw 0.10.0 (registry+https://github.com/rust-lang/crates.io-index)",
]

[[package]]
name = "gpx"
version = "0.1.0"
source = "registry+https://github.com/rust-lang/crates.io-index"
dependencies = [
 "assert_approx_eq 1.0.0 (registry+https://github.com/rust-lang/crates.io-index)",
 "chrono 0.4.0 (registry+https://github.com/rust-lang/crates.io-index)",
 "error-chain 0.11.0 (registry+https://github.com/rust-lang/crates.io-index)",
 "geo 0.4.13 (registry+https://github.com/rust-lang/crates.io-index)",
 "xml-rs 0.6.1 (registry+https://github.com/rust-lang/crates.io-index)",
]

[[package]]
name = "image"
version = "0.18.0"
source = "registry+https://github.com/rust-lang/crates.io-index"
dependencies = [
 "byteorder 1.2.1 (registry+https://github.com/rust-lang/crates.io-index)",
 "enum_primitive 0.1.1 (registry+https://github.com/rust-lang/crates.io-index)",
 "gif 0.9.2 (registry+https://github.com/rust-lang/crates.io-index)",
 "jpeg-decoder 0.1.13 (registry+https://github.com/rust-lang/crates.io-index)",
 "num-iter 0.1.34 (registry+https://github.com/rust-lang/crates.io-index)",
 "num-rational 0.1.40 (registry+https://github.com/rust-lang/crates.io-index)",
 "num-traits 0.1.41 (registry+https://github.com/rust-lang/crates.io-index)",
 "png 0.11.0 (registry+https://github.com/rust-lang/crates.io-index)",
 "scoped_threadpool 0.1.8 (registry+https://github.com/rust-lang/crates.io-index)",
]

[[package]]
name = "imageproc"
version = "0.13.0"
source = "registry+https://github.com/rust-lang/crates.io-index"
dependencies = [
 "conv 0.3.3 (registry+https://github.com/rust-lang/crates.io-index)",
 "image 0.18.0 (registry+https://github.com/rust-lang/crates.io-index)",
 "itertools 0.6.5 (registry+https://github.com/rust-lang/crates.io-index)",
 "nalgebra 0.11.2 (registry+https://github.com/rust-lang/crates.io-index)",
 "num 0.1.41 (registry+https://github.com/rust-lang/crates.io-index)",
 "quickcheck 0.2.27 (registry+https://github.com/rust-lang/crates.io-index)",
 "rand 0.3.20 (registry+https://github.com/rust-lang/crates.io-index)",
 "rayon 0.7.1 (registry+https://github.com/rust-lang/crates.io-index)",
 "rusttype 0.2.3 (registry+https://github.com/rust-lang/crates.io-index)",
]

[[package]]
name = "inflate"
version = "0.3.3"
source = "registry+https://github.com/rust-lang/crates.io-index"
dependencies = [
 "adler32 1.0.2 (registry+https://github.com/rust-lang/crates.io-index)",
]

[[package]]
name = "itertools"
version = "0.6.5"
source = "registry+https://github.com/rust-lang/crates.io-index"
dependencies = [
 "either 1.4.0 (registry+https://github.com/rust-lang/crates.io-index)",
]

[[package]]
name = "jpeg-decoder"
version = "0.1.13"
source = "registry+https://github.com/rust-lang/crates.io-index"
dependencies = [
 "byteorder 1.2.1 (registry+https://github.com/rust-lang/crates.io-index)",
 "rayon 0.8.2 (registry+https://github.com/rust-lang/crates.io-index)",
]

[[package]]
name = "kernel32-sys"
version = "0.2.2"
source = "registry+https://github.com/rust-lang/crates.io-index"
dependencies = [
 "winapi 0.2.8 (registry+https://github.com/rust-lang/crates.io-index)",
 "winapi-build 0.1.1 (registry+https://github.com/rust-lang/crates.io-index)",
]

[[package]]
name = "lazy_static"
version = "0.2.11"
source = "registry+https://github.com/rust-lang/crates.io-index"

[[package]]
name = "lazy_static"
version = "1.0.0"
source = "registry+https://github.com/rust-lang/crates.io-index"

[[package]]
name = "libc"
version = "0.2.35"
source = "registry+https://github.com/rust-lang/crates.io-index"

[[package]]
name = "linked-hash-map"
version = "0.5.0"
source = "registry+https://github.com/rust-lang/crates.io-index"

[[package]]
name = "log"
version = "0.3.9"
source = "registry+https://github.com/rust-lang/crates.io-index"
dependencies = [
 "log 0.4.1 (registry+https://github.com/rust-lang/crates.io-index)",
]

[[package]]
name = "log"
version = "0.4.1"
source = "registry+https://github.com/rust-lang/crates.io-index"
dependencies = [
 "cfg-if 0.1.2 (registry+https://github.com/rust-lang/crates.io-index)",
]

[[package]]
name = "lzw"
version = "0.10.0"
source = "registry+https://github.com/rust-lang/crates.io-index"

[[package]]
name = "memchr"
version = "0.1.11"
source = "registry+https://github.com/rust-lang/crates.io-index"
dependencies = [
 "libc 0.2.35 (registry+https://github.com/rust-lang/crates.io-index)",
]

[[package]]
name = "memchr"
version = "2.0.1"
source = "registry+https://github.com/rust-lang/crates.io-index"
dependencies = [
 "libc 0.2.35 (registry+https://github.com/rust-lang/crates.io-index)",
]

[[package]]
name = "nalgebra"
version = "0.11.2"
source = "registry+https://github.com/rust-lang/crates.io-index"
dependencies = [
 "alga 0.5.2 (registry+https://github.com/rust-lang/crates.io-index)",
 "approx 0.1.1 (registry+https://github.com/rust-lang/crates.io-index)",
 "generic-array 0.2.1 (registry+https://github.com/rust-lang/crates.io-index)",
 "num-complex 0.1.41 (registry+https://github.com/rust-lang/crates.io-index)",
 "num-traits 0.1.41 (registry+https://github.com/rust-lang/crates.io-index)",
 "rand 0.3.20 (registry+https://github.com/rust-lang/crates.io-index)",
 "typenum 1.9.0 (registry+https://github.com/rust-lang/crates.io-index)",
]

[[package]]
name = "nodrop"
version = "0.1.12"
source = "registry+https://github.com/rust-lang/crates.io-index"

[[package]]
name = "num"
version = "0.1.41"
source = "registry+https://github.com/rust-lang/crates.io-index"
dependencies = [
 "num-bigint 0.1.41 (registry+https://github.com/rust-lang/crates.io-index)",
 "num-complex 0.1.41 (registry+https://github.com/rust-lang/crates.io-index)",
 "num-integer 0.1.35 (registry+https://github.com/rust-lang/crates.io-index)",
 "num-iter 0.1.34 (registry+https://github.com/rust-lang/crates.io-index)",
 "num-rational 0.1.40 (registry+https://github.com/rust-lang/crates.io-index)",
 "num-traits 0.1.41 (registry+https://github.com/rust-lang/crates.io-index)",
]

[[package]]
name = "num-bigint"
version = "0.1.41"
source = "registry+https://github.com/rust-lang/crates.io-index"
dependencies = [
 "num-integer 0.1.35 (registry+https://github.com/rust-lang/crates.io-index)",
 "num-traits 0.1.41 (registry+https://github.com/rust-lang/crates.io-index)",
 "rand 0.3.20 (registry+https://github.com/rust-lang/crates.io-index)",
 "rustc-serialize 0.3.24 (registry+https://github.com/rust-lang/crates.io-index)",
]

[[package]]
name = "num-complex"
version = "0.1.41"
source = "registry+https://github.com/rust-lang/crates.io-index"
dependencies = [
 "num-traits 0.1.41 (registry+https://github.com/rust-lang/crates.io-index)",
 "rustc-serialize 0.3.24 (registry+https://github.com/rust-lang/crates.io-index)",
]

[[package]]
name = "num-integer"
version = "0.1.35"
source = "registry+https://github.com/rust-lang/crates.io-index"
dependencies = [
 "num-traits 0.1.41 (registry+https://github.com/rust-lang/crates.io-index)",
]

[[package]]
name = "num-iter"
version = "0.1.34"
source = "registry+https://github.com/rust-lang/crates.io-index"
dependencies = [
 "num-integer 0.1.35 (registry+https://github.com/rust-lang/crates.io-index)",
 "num-traits 0.1.41 (registry+https://github.com/rust-lang/crates.io-index)",
]

[[package]]
name = "num-rational"
version = "0.1.40"
source = "registry+https://github.com/rust-lang/crates.io-index"
dependencies = [
 "num-bigint 0.1.41 (registry+https://github.com/rust-lang/crates.io-index)",
 "num-integer 0.1.35 (registry+https://github.com/rust-lang/crates.io-index)",
 "num-traits 0.1.41 (registry+https://github.com/rust-lang/crates.io-index)",
 "rustc-serialize 0.3.24 (registry+https://github.com/rust-lang/crates.io-index)",
]

[[package]]
name = "num-traits"
version = "0.1.41"
source = "registry+https://github.com/rust-lang/crates.io-index"

[[package]]
name = "num_cpus"
version = "1.8.0"
source = "registry+https://github.com/rust-lang/crates.io-index"
dependencies = [
 "libc 0.2.35 (registry+https://github.com/rust-lang/crates.io-index)",
]

[[package]]
name = "palette"
version = "0.2.1"
source = "registry+https://github.com/rust-lang/crates.io-index"
dependencies = [
 "approx 0.1.1 (registry+https://github.com/rust-lang/crates.io-index)",
 "num 0.1.41 (registry+https://github.com/rust-lang/crates.io-index)",
 "phf 0.7.21 (registry+https://github.com/rust-lang/crates.io-index)",
 "phf_codegen 0.7.21 (registry+https://github.com/rust-lang/crates.io-index)",
]

[[package]]
name = "phf"
version = "0.7.21"
source = "registry+https://github.com/rust-lang/crates.io-index"
dependencies = [
 "phf_shared 0.7.21 (registry+https://github.com/rust-lang/crates.io-index)",
]

[[package]]
name = "phf_codegen"
version = "0.7.21"
source = "registry+https://github.com/rust-lang/crates.io-index"
dependencies = [
 "phf_generator 0.7.21 (registry+https://github.com/rust-lang/crates.io-index)",
 "phf_shared 0.7.21 (registry+https://github.com/rust-lang/crates.io-index)",
]

[[package]]
name = "phf_generator"
version = "0.7.21"
source = "registry+https://github.com/rust-lang/crates.io-index"
dependencies = [
 "phf_shared 0.7.21 (registry+https://github.com/rust-lang/crates.io-index)",
 "rand 0.3.20 (registry+https://github.com/rust-lang/crates.io-index)",
]

[[package]]
name = "phf_shared"
version = "0.7.21"
source = "registry+https://github.com/rust-lang/crates.io-index"
dependencies = [
 "siphasher 0.2.2 (registry+https://github.com/rust-lang/crates.io-index)",
]

[[package]]
name = "png"
version = "0.11.0"
source = "registry+https://github.com/rust-lang/crates.io-index"
dependencies = [
 "bitflags 1.0.1 (registry+https://github.com/rust-lang/crates.io-index)",
 "deflate 0.7.17 (registry+https://github.com/rust-lang/crates.io-index)",
 "inflate 0.3.3 (registry+https://github.com/rust-lang/crates.io-index)",
 "num-iter 0.1.34 (registry+https://github.com/rust-lang/crates.io-index)",
]

[[package]]
name = "quickcheck"
version = "0.2.27"
source = "registry+https://github.com/rust-lang/crates.io-index"
dependencies = [
 "env_logger 0.3.5 (registry+https://github.com/rust-lang/crates.io-index)",
 "log 0.3.9 (registry+https://github.com/rust-lang/crates.io-index)",
 "rand 0.3.20 (registry+https://github.com/rust-lang/crates.io-index)",
]

[[package]]
name = "quote"
version = "0.3.15"
source = "registry+https://github.com/rust-lang/crates.io-index"

[[package]]
name = "rand"
version = "0.3.20"
source = "registry+https://github.com/rust-lang/crates.io-index"
dependencies = [
 "fuchsia-zircon 0.3.3 (registry+https://github.com/rust-lang/crates.io-index)",
 "libc 0.2.35 (registry+https://github.com/rust-lang/crates.io-index)",
]

[[package]]
name = "rayon"
version = "0.7.1"
source = "registry+https://github.com/rust-lang/crates.io-index"
dependencies = [
 "rayon-core 1.3.0 (registry+https://github.com/rust-lang/crates.io-index)",
]

[[package]]
name = "rayon"
version = "0.8.2"
source = "registry+https://github.com/rust-lang/crates.io-index"
dependencies = [
 "rayon-core 1.3.0 (registry+https://github.com/rust-lang/crates.io-index)",
]

[[package]]
name = "rayon"
version = "0.9.0"
source = "registry+https://github.com/rust-lang/crates.io-index"
dependencies = [
 "either 1.4.0 (registry+https://github.com/rust-lang/crates.io-index)",
 "rayon-core 1.3.0 (registry+https://github.com/rust-lang/crates.io-index)",
]

[[package]]
name = "rayon-core"
version = "1.3.0"
source = "registry+https://github.com/rust-lang/crates.io-index"
dependencies = [
 "coco 0.1.1 (registry+https://github.com/rust-lang/crates.io-index)",
 "lazy_static 0.2.11 (registry+https://github.com/rust-lang/crates.io-index)",
 "libc 0.2.35 (registry+https://github.com/rust-lang/crates.io-index)",
 "num_cpus 1.8.0 (registry+https://github.com/rust-lang/crates.io-index)",
 "rand 0.3.20 (registry+https://github.com/rust-lang/crates.io-index)",
]

[[package]]
name = "redox_syscall"
version = "0.1.37"
source = "registry+https://github.com/rust-lang/crates.io-index"

[[package]]
name = "regex"
version = "0.1.80"
source = "registry+https://github.com/rust-lang/crates.io-index"
dependencies = [
 "aho-corasick 0.5.3 (registry+https://github.com/rust-lang/crates.io-index)",
 "memchr 0.1.11 (registry+https://github.com/rust-lang/crates.io-index)",
 "regex-syntax 0.3.9 (registry+https://github.com/rust-lang/crates.io-index)",
 "thread_local 0.2.7 (registry+https://github.com/rust-lang/crates.io-index)",
 "utf8-ranges 0.1.3 (registry+https://github.com/rust-lang/crates.io-index)",
]

[[package]]
name = "regex"
version = "0.2.5"
source = "registry+https://github.com/rust-lang/crates.io-index"
dependencies = [
 "aho-corasick 0.6.4 (registry+https://github.com/rust-lang/crates.io-index)",
 "memchr 2.0.1 (registry+https://github.com/rust-lang/crates.io-index)",
 "regex-syntax 0.4.2 (registry+https://github.com/rust-lang/crates.io-index)",
 "thread_local 0.3.5 (registry+https://github.com/rust-lang/crates.io-index)",
 "utf8-ranges 1.0.0 (registry+https://github.com/rust-lang/crates.io-index)",
]

[[package]]
name = "regex-syntax"
version = "0.3.9"
source = "registry+https://github.com/rust-lang/crates.io-index"

[[package]]
name = "regex-syntax"
version = "0.4.2"
source = "registry+https://github.com/rust-lang/crates.io-index"

[[package]]
name = "rustc-demangle"
version = "0.1.5"
source = "registry+https://github.com/rust-lang/crates.io-index"

[[package]]
name = "rustc-serialize"
version = "0.3.24"
source = "registry+https://github.com/rust-lang/crates.io-index"

[[package]]
name = "rusttype"
version = "0.2.3"
source = "registry+https://github.com/rust-lang/crates.io-index"
dependencies = [
 "arrayvec 0.4.6 (registry+https://github.com/rust-lang/crates.io-index)",
 "linked-hash-map 0.5.0 (registry+https://github.com/rust-lang/crates.io-index)",
 "stb_truetype 0.2.1 (registry+https://github.com/rust-lang/crates.io-index)",
]

[[package]]
name = "scoped_threadpool"
version = "0.1.8"
source = "registry+https://github.com/rust-lang/crates.io-index"

[[package]]
name = "scopeguard"
version = "0.3.3"
source = "registry+https://github.com/rust-lang/crates.io-index"

[[package]]
name = "serde"
version = "1.0.27"
source = "registry+https://github.com/rust-lang/crates.io-index"

[[package]]
name = "serde_derive"
version = "1.0.27"
source = "registry+https://github.com/rust-lang/crates.io-index"
dependencies = [
 "quote 0.3.15 (registry+https://github.com/rust-lang/crates.io-index)",
 "serde_derive_internals 0.19.0 (registry+https://github.com/rust-lang/crates.io-index)",
 "syn 0.11.11 (registry+https://github.com/rust-lang/crates.io-index)",
]

[[package]]
name = "serde_derive_internals"
version = "0.19.0"
source = "registry+https://github.com/rust-lang/crates.io-index"
dependencies = [
 "syn 0.11.11 (registry+https://github.com/rust-lang/crates.io-index)",
 "synom 0.11.3 (registry+https://github.com/rust-lang/crates.io-index)",
]

[[package]]
name = "siphasher"
version = "0.2.2"
source = "registry+https://github.com/rust-lang/crates.io-index"

[[package]]
name = "stb_truetype"
version = "0.2.1"
source = "registry+https://github.com/rust-lang/crates.io-index"
dependencies = [
 "byteorder 0.4.2 (registry+https://github.com/rust-lang/crates.io-index)",
]

[[package]]
name = "strsim"
version = "0.6.0"
source = "registry+https://github.com/rust-lang/crates.io-index"

[[package]]
name = "syn"
version = "0.11.11"
source = "registry+https://github.com/rust-lang/crates.io-index"
dependencies = [
 "quote 0.3.15 (registry+https://github.com/rust-lang/crates.io-index)",
 "synom 0.11.3 (registry+https://github.com/rust-lang/crates.io-index)",
 "unicode-xid 0.0.4 (registry+https://github.com/rust-lang/crates.io-index)",
]

[[package]]
name = "synom"
version = "0.11.3"
source = "registry+https://github.com/rust-lang/crates.io-index"
dependencies = [
 "unicode-xid 0.0.4 (registry+https://github.com/rust-lang/crates.io-index)",
]

[[package]]
name = "thread-id"
version = "2.0.0"
source = "registry+https://github.com/rust-lang/crates.io-index"
dependencies = [
 "kernel32-sys 0.2.2 (registry+https://github.com/rust-lang/crates.io-index)",
 "libc 0.2.35 (registry+https://github.com/rust-lang/crates.io-index)",
]

[[package]]
name = "thread_local"
version = "0.2.7"
source = "registry+https://github.com/rust-lang/crates.io-index"
dependencies = [
 "thread-id 2.0.0 (registry+https://github.com/rust-lang/crates.io-index)",
]

[[package]]
name = "thread_local"
version = "0.3.5"
source = "registry+https://github.com/rust-lang/crates.io-index"
dependencies = [
 "lazy_static 1.0.0 (registry+https://github.com/rust-lang/crates.io-index)",
 "unreachable 1.0.0 (registry+https://github.com/rust-lang/crates.io-index)",
]

[[package]]
name = "time"
version = "0.1.39"
source = "registry+https://github.com/rust-lang/crates.io-index"
dependencies = [
 "libc 0.2.35 (registry+https://github.com/rust-lang/crates.io-index)",
 "redox_syscall 0.1.37 (registry+https://github.com/rust-lang/crates.io-index)",
 "winapi 0.3.3 (registry+https://github.com/rust-lang/crates.io-index)",
]

[[package]]
name = "typenum"
version = "1.9.0"
source = "registry+https://github.com/rust-lang/crates.io-index"

[[package]]
name = "unicode-xid"
version = "0.0.4"
source = "registry+https://github.com/rust-lang/crates.io-index"

[[package]]
name = "unreachable"
version = "1.0.0"
source = "registry+https://github.com/rust-lang/crates.io-index"
dependencies = [
 "void 1.0.2 (registry+https://github.com/rust-lang/crates.io-index)",
]

[[package]]
name = "utf8-ranges"
version = "0.1.3"
source = "registry+https://github.com/rust-lang/crates.io-index"

[[package]]
name = "utf8-ranges"
version = "1.0.0"
source = "registry+https://github.com/rust-lang/crates.io-index"

[[package]]
name = "void"
version = "1.0.2"
source = "registry+https://github.com/rust-lang/crates.io-index"

[[package]]
name = "winapi"
version = "0.2.8"
source = "registry+https://github.com/rust-lang/crates.io-index"

[[package]]
name = "winapi"
version = "0.3.3"
source = "registry+https://github.com/rust-lang/crates.io-index"
dependencies = [
 "winapi-i686-pc-windows-gnu 0.3.2 (registry+https://github.com/rust-lang/crates.io-index)",
 "winapi-x86_64-pc-windows-gnu 0.3.2 (registry+https://github.com/rust-lang/crates.io-index)",
]

[[package]]
name = "winapi-build"
version = "0.1.1"
source = "registry+https://github.com/rust-lang/crates.io-index"

[[package]]
name = "winapi-i686-pc-windows-gnu"
version = "0.3.2"
source = "registry+https://github.com/rust-lang/crates.io-index"

[[package]]
name = "winapi-x86_64-pc-windows-gnu"
version = "0.3.2"
source = "registry+https://github.com/rust-lang/crates.io-index"

[[package]]
name = "xml-rs"
version = "0.6.1"
source = "registry+https://github.com/rust-lang/crates.io-index"
dependencies = [
 "bitflags 0.9.1 (registry+https://github.com/rust-lang/crates.io-index)",
]

[metadata]
"checksum adler32 1.0.2 (registry+https://github.com/rust-lang/crates.io-index)" = "6cbd0b9af8587c72beadc9f72d35b9fbb070982c9e6203e46e93f10df25f8f45"
"checksum aho-corasick 0.5.3 (registry+https://github.com/rust-lang/crates.io-index)" = "ca972c2ea5f742bfce5687b9aef75506a764f61d37f8f649047846a9686ddb66"
"checksum aho-corasick 0.6.4 (registry+https://github.com/rust-lang/crates.io-index)" = "d6531d44de723825aa81398a6415283229725a00fa30713812ab9323faa82fc4"
"checksum alga 0.5.2 (registry+https://github.com/rust-lang/crates.io-index)" = "9a9749cf5cfdca30ac35de67358fb24e2d26a88e2819ee83efb794a09f0b421b"
"checksum approx 0.1.1 (registry+https://github.com/rust-lang/crates.io-index)" = "08abcc3b4e9339e33a3d0a5ed15d84a687350c05689d825e0f6655eef9e76a94"
"checksum arrayvec 0.4.6 (registry+https://github.com/rust-lang/crates.io-index)" = "2f0ef4a9820019a0c91d918918c93dc71d469f581a49b47ddc1d285d4270bbe2"
"checksum assert_approx_eq 1.0.0 (registry+https://github.com/rust-lang/crates.io-index)" = "1a38a0dd5749f34b8a61d7c1cc47e68c7955676bd17e1b25dd1d30901c556655"
"checksum backtrace 0.3.5 (registry+https://github.com/rust-lang/crates.io-index)" = "ebbbf59b1c43eefa8c3ede390fcc36820b4999f7914104015be25025e0d62af2"
"checksum backtrace-sys 0.1.16 (registry+https://github.com/rust-lang/crates.io-index)" = "44585761d6161b0f57afc49482ab6bd067e4edef48c12a152c237eb0203f7661"
"checksum bitflags 0.9.1 (registry+https://github.com/rust-lang/crates.io-index)" = "4efd02e230a02e18f92fc2735f44597385ed02ad8f831e7c1c1156ee5e1ab3a5"
"checksum bitflags 1.0.1 (registry+https://github.com/rust-lang/crates.io-index)" = "b3c30d3802dfb7281680d6285f2ccdaa8c2d8fee41f93805dba5c4cf50dc23cf"
"checksum byteorder 0.4.2 (registry+https://github.com/rust-lang/crates.io-index)" = "96c8b41881888cc08af32d47ac4edd52bc7fa27fef774be47a92443756451304"
"checksum byteorder 1.2.1 (registry+https://github.com/rust-lang/crates.io-index)" = "652805b7e73fada9d85e9a6682a4abd490cb52d96aeecc12e33a0de34dfd0d23"
"checksum cc 1.0.4 (registry+https://github.com/rust-lang/crates.io-index)" = "deaf9ec656256bb25b404c51ef50097207b9cbb29c933d31f92cae5a8a0ffee0"
"checksum cfg-if 0.1.2 (registry+https://github.com/rust-lang/crates.io-index)" = "d4c819a1287eb618df47cc647173c5c4c66ba19d888a6e50d605672aed3140de"
"checksum chrono 0.4.0 (registry+https://github.com/rust-lang/crates.io-index)" = "7c20ebe0b2b08b0aeddba49c609fe7957ba2e33449882cb186a180bc60682fa9"
"checksum coco 0.1.1 (registry+https://github.com/rust-lang/crates.io-index)" = "c06169f5beb7e31c7c67ebf5540b8b472d23e3eade3b2ec7d1f5b504a85f91bd"
"checksum color_quant 1.0.0 (registry+https://github.com/rust-lang/crates.io-index)" = "a475fc4af42d83d28adf72968d9bcfaf035a1a9381642d8e85d8a04957767b0d"
"checksum conv 0.3.3 (registry+https://github.com/rust-lang/crates.io-index)" = "78ff10625fd0ac447827aa30ea8b861fead473bb60aeb73af6c1c58caf0d1299"
"checksum custom_derive 0.1.7 (registry+https://github.com/rust-lang/crates.io-index)" = "ef8ae57c4978a2acd8b869ce6b9ca1dfe817bff704c220209fdef2c0b75a01b9"
"checksum deflate 0.7.17 (registry+https://github.com/rust-lang/crates.io-index)" = "4dddda59aaab719767ab11d3efd9a714e95b610c4445d4435765021e9d52dfb1"
"checksum docopt 0.8.3 (registry+https://github.com/rust-lang/crates.io-index)" = "d8acd393692c503b168471874953a2531df0e9ab77d0b6bbc582395743300a4a"
"checksum either 1.4.0 (registry+https://github.com/rust-lang/crates.io-index)" = "740178ddf48b1a9e878e6d6509a1442a2d42fd2928aae8e7a6f8a36fb01981b3"
"checksum enum_primitive 0.1.1 (registry+https://github.com/rust-lang/crates.io-index)" = "be4551092f4d519593039259a9ed8daedf0da12e5109c5280338073eaeb81180"
"checksum env_logger 0.3.5 (registry+https://github.com/rust-lang/crates.io-index)" = "15abd780e45b3ea4f76b4e9a26ff4843258dd8a3eed2775a0e7368c2e7936c2f"
"checksum error-chain 0.11.0 (registry+https://github.com/rust-lang/crates.io-index)" = "ff511d5dc435d703f4971bc399647c9bc38e20cb41452e3b9feb4765419ed3f3"
"checksum fuchsia-zircon 0.3.3 (registry+https://github.com/rust-lang/crates.io-index)" = "2e9763c69ebaae630ba35f74888db465e49e259ba1bc0eda7d06f4a067615d82"
"checksum fuchsia-zircon-sys 0.3.3 (registry+https://github.com/rust-lang/crates.io-index)" = "3dcaa9ae7725d12cdb85b3ad99a434db70b468c09ded17e012d86b5c1010f7a7"
"checksum generic-array 0.2.1 (registry+https://github.com/rust-lang/crates.io-index)" = "3406a3975bc944fdd85b7964d53296a0ff11f4b6c4704fa4972c9a7c8ba27367"
"checksum geo 0.4.13 (registry+https://github.com/rust-lang/crates.io-index)" = "03421e9865903f0015426358027cafe76d4a3858031adaa1a1f1be5e62cdbb82"
"checksum gif 0.9.2 (registry+https://github.com/rust-lang/crates.io-index)" = "e2e41945ba23db3bf51b24756d73d81acb4f28d85c3dccc32c6fae904438c25f"
"checksum gpx 0.1.0 (registry+https://github.com/rust-lang/crates.io-index)" = "e1eb6eefd881986d7e403ed1eb4cffc382b1326b18798fc05a16d9e055961383"
"checksum image 0.18.0 (registry+https://github.com/rust-lang/crates.io-index)" = "545f000e8aa4e569e93f49c446987133452e0091c2494ac3efd3606aa3d309f2"
"checksum imageproc 0.13.0 (registry+https://github.com/rust-lang/crates.io-index)" = "fad5f3aee292bae32a91e11dc4a625a010c5689e5ef146478bd9ffc42f39dcbe"
"checksum inflate 0.3.3 (registry+https://github.com/rust-lang/crates.io-index)" = "10ec05638adf7c5c788bc0cfa608cd479a13572beda20feb4898fe1d85d2c64b"
"checksum itertools 0.6.5 (registry+https://github.com/rust-lang/crates.io-index)" = "d3f2be4da1690a039e9ae5fd575f706a63ad5a2120f161b1d653c9da3930dd21"
"checksum jpeg-decoder 0.1.13 (registry+https://github.com/rust-lang/crates.io-index)" = "2805ccb10ffe4d10e06ef68a158ff94c255211ecbae848fbde2146b098f93ce7"
"checksum kernel32-sys 0.2.2 (registry+https://github.com/rust-lang/crates.io-index)" = "7507624b29483431c0ba2d82aece8ca6cdba9382bff4ddd0f7490560c056098d"
"checksum lazy_static 0.2.11 (registry+https://github.com/rust-lang/crates.io-index)" = "76f033c7ad61445c5b347c7382dd1237847eb1bce590fe50365dcb33d546be73"
"checksum lazy_static 1.0.0 (registry+https://github.com/rust-lang/crates.io-index)" = "c8f31047daa365f19be14b47c29df4f7c3b581832407daabe6ae77397619237d"
"checksum libc 0.2.35 (registry+https://github.com/rust-lang/crates.io-index)" = "96264e9b293e95d25bfcbbf8a88ffd1aedc85b754eba8b7d78012f638ba220eb"
"checksum linked-hash-map 0.5.0 (registry+https://github.com/rust-lang/crates.io-index)" = "2d2aab0478615bb586559b0114d94dd8eca4fdbb73b443adcb0d00b61692b4bf"
"checksum log 0.3.9 (registry+https://github.com/rust-lang/crates.io-index)" = "e19e8d5c34a3e0e2223db8e060f9e8264aeeb5c5fc64a4ee9965c062211c024b"
"checksum log 0.4.1 (registry+https://github.com/rust-lang/crates.io-index)" = "89f010e843f2b1a31dbd316b3b8d443758bc634bed37aabade59c686d644e0a2"
"checksum lzw 0.10.0 (registry+https://github.com/rust-lang/crates.io-index)" = "7d947cbb889ed21c2a84be6ffbaebf5b4e0f4340638cba0444907e38b56be084"
"checksum memchr 0.1.11 (registry+https://github.com/rust-lang/crates.io-index)" = "d8b629fb514376c675b98c1421e80b151d3817ac42d7c667717d282761418d20"
"checksum memchr 2.0.1 (registry+https://github.com/rust-lang/crates.io-index)" = "796fba70e76612589ed2ce7f45282f5af869e0fdd7cc6199fa1aa1f1d591ba9d"
"checksum nalgebra 0.11.2 (registry+https://github.com/rust-lang/crates.io-index)" = "7521e0d6d09ae3df9cc0b39af462a7df85c19936249b31ee5ded7f45e4571fee"
"checksum nodrop 0.1.12 (registry+https://github.com/rust-lang/crates.io-index)" = "9a2228dca57108069a5262f2ed8bd2e82496d2e074a06d1ccc7ce1687b6ae0a2"
"checksum num 0.1.41 (registry+https://github.com/rust-lang/crates.io-index)" = "cc4083e14b542ea3eb9b5f33ff48bd373a92d78687e74f4cc0a30caeb754f0ca"
"checksum num-bigint 0.1.41 (registry+https://github.com/rust-lang/crates.io-index)" = "bdc1494b5912f088f260b775799468d9b9209ac60885d8186a547a0476289e23"
"checksum num-complex 0.1.41 (registry+https://github.com/rust-lang/crates.io-index)" = "58de7b4bf7cf5dbecb635a5797d489864eadd03b107930cbccf9e0fd7428b47c"
"checksum num-integer 0.1.35 (registry+https://github.com/rust-lang/crates.io-index)" = "d1452e8b06e448a07f0e6ebb0bb1d92b8890eea63288c0b627331d53514d0fba"
"checksum num-iter 0.1.34 (registry+https://github.com/rust-lang/crates.io-index)" = "7485fcc84f85b4ecd0ea527b14189281cf27d60e583ae65ebc9c088b13dffe01"
"checksum num-rational 0.1.40 (registry+https://github.com/rust-lang/crates.io-index)" = "0c7cb72a95250d8a370105c828f388932373e0e94414919891a0f945222310fe"
"checksum num-traits 0.1.41 (registry+https://github.com/rust-lang/crates.io-index)" = "cacfcab5eb48250ee7d0c7896b51a2c5eec99c1feea5f32025635f5ae4b00070"
"checksum num_cpus 1.8.0 (registry+https://github.com/rust-lang/crates.io-index)" = "c51a3322e4bca9d212ad9a158a02abc6934d005490c054a2778df73a70aa0a30"
"checksum palette 0.2.1 (registry+https://github.com/rust-lang/crates.io-index)" = "f73fae0ce32bdcf4da5747adda9dbfd5a02e3a439631020ab98258991ebb488d"
"checksum phf 0.7.21 (registry+https://github.com/rust-lang/crates.io-index)" = "cb325642290f28ee14d8c6201159949a872f220c62af6e110a56ea914fbe42fc"
"checksum phf_codegen 0.7.21 (registry+https://github.com/rust-lang/crates.io-index)" = "d62594c0bb54c464f633175d502038177e90309daf2e0158be42ed5f023ce88f"
"checksum phf_generator 0.7.21 (registry+https://github.com/rust-lang/crates.io-index)" = "6b07ffcc532ccc85e3afc45865469bf5d9e4ef5bfcf9622e3cfe80c2d275ec03"
"checksum phf_shared 0.7.21 (registry+https://github.com/rust-lang/crates.io-index)" = "07e24b0ca9643bdecd0632f2b3da6b1b89bbb0030e0b992afc1113b23a7bc2f2"
"checksum png 0.11.0 (registry+https://github.com/rust-lang/crates.io-index)" = "f0b0cabbbd20c2d7f06dbf015e06aad59b6ca3d9ed14848783e98af9aaf19925"
"checksum quickcheck 0.2.27 (registry+https://github.com/rust-lang/crates.io-index)" = "d086a75fc7bdfbadd649f7c1fa524f39be4979b15506f621b3742b752f5364ed"
"checksum quote 0.3.15 (registry+https://github.com/rust-lang/crates.io-index)" = "7a6e920b65c65f10b2ae65c831a81a073a89edd28c7cce89475bff467ab4167a"
"checksum rand 0.3.20 (registry+https://github.com/rust-lang/crates.io-index)" = "512870020642bb8c221bf68baa1b2573da814f6ccfe5c9699b1c303047abe9b1"
"checksum rayon 0.7.1 (registry+https://github.com/rust-lang/crates.io-index)" = "a77c51c07654ddd93f6cb543c7a849863b03abc7e82591afda6dc8ad4ac3ac4a"
"checksum rayon 0.8.2 (registry+https://github.com/rust-lang/crates.io-index)" = "b614fe08b6665cb9a231d07ac1364b0ef3cb3698f1239ee0c4c3a88a524f54c8"
"checksum rayon 0.9.0 (registry+https://github.com/rust-lang/crates.io-index)" = "ed02d09394c94ffbdfdc755ad62a132e94c3224a8354e78a1200ced34df12edf"
"checksum rayon-core 1.3.0 (registry+https://github.com/rust-lang/crates.io-index)" = "e64b609139d83da75902f88fd6c01820046840a18471e4dfcd5ac7c0f46bea53"
"checksum redox_syscall 0.1.37 (registry+https://github.com/rust-lang/crates.io-index)" = "0d92eecebad22b767915e4d529f89f28ee96dbbf5a4810d2b844373f136417fd"
"checksum regex 0.1.80 (registry+https://github.com/rust-lang/crates.io-index)" = "4fd4ace6a8cf7860714a2c2280d6c1f7e6a413486c13298bbc86fd3da019402f"
"checksum regex 0.2.5 (registry+https://github.com/rust-lang/crates.io-index)" = "744554e01ccbd98fff8c457c3b092cd67af62a555a43bfe97ae8a0451f7799fa"
"checksum regex-syntax 0.3.9 (registry+https://github.com/rust-lang/crates.io-index)" = "f9ec002c35e86791825ed294b50008eea9ddfc8def4420124fbc6b08db834957"
"checksum regex-syntax 0.4.2 (registry+https://github.com/rust-lang/crates.io-index)" = "8e931c58b93d86f080c734bfd2bce7dd0079ae2331235818133c8be7f422e20e"
"checksum rustc-demangle 0.1.5 (registry+https://github.com/rust-lang/crates.io-index)" = "aee45432acc62f7b9a108cc054142dac51f979e69e71ddce7d6fc7adf29e817e"
"checksum rustc-serialize 0.3.24 (registry+https://github.com/rust-lang/crates.io-index)" = "dcf128d1287d2ea9d80910b5f1120d0b8eede3fbf1abe91c40d39ea7d51e6fda"
"checksum rusttype 0.2.3 (registry+https://github.com/rust-lang/crates.io-index)" = "30047cc747a78ae042bf2cd65c79f83c3485d90107535b532d6e8f60e2c89cb1"
"checksum scoped_threadpool 0.1.8 (registry+https://github.com/rust-lang/crates.io-index)" = "4ea459fe3ceff01e09534847c49860891d3ff1c12b4eb7731b67f2778fb60190"
"checksum scopeguard 0.3.3 (registry+https://github.com/rust-lang/crates.io-index)" = "94258f53601af11e6a49f722422f6e3425c52b06245a5cf9bc09908b174f5e27"
"checksum serde 1.0.27 (registry+https://github.com/rust-lang/crates.io-index)" = "db99f3919e20faa51bb2996057f5031d8685019b5a06139b1ce761da671b8526"
"checksum serde_derive 1.0.27 (registry+https://github.com/rust-lang/crates.io-index)" = "f4ba7591cfe93755e89eeecdbcc668885624829b020050e6aec99c2a03bd3fd0"
"checksum serde_derive_internals 0.19.0 (registry+https://github.com/rust-lang/crates.io-index)" = "6e03f1c9530c3fb0a0a5c9b826bdd9246a5921ae995d75f512ac917fc4dd55b5"
"checksum siphasher 0.2.2 (registry+https://github.com/rust-lang/crates.io-index)" = "0df90a788073e8d0235a67e50441d47db7c8ad9debd91cbf43736a2a92d36537"
"checksum stb_truetype 0.2.1 (registry+https://github.com/rust-lang/crates.io-index)" = "21b5c3b588a493a477e0d99769ee091b3627625f9ba4bdd882e6b4b0b0958805"
"checksum strsim 0.6.0 (registry+https://github.com/rust-lang/crates.io-index)" = "b4d15c810519a91cf877e7e36e63fe068815c678181439f2f29e2562147c3694"
"checksum syn 0.11.11 (registry+https://github.com/rust-lang/crates.io-index)" = "d3b891b9015c88c576343b9b3e41c2c11a51c219ef067b264bd9c8aa9b441dad"
"checksum synom 0.11.3 (registry+https://github.com/rust-lang/crates.io-index)" = "a393066ed9010ebaed60b9eafa373d4b1baac186dd7e008555b0f702b51945b6"
"checksum thread-id 2.0.0 (registry+https://github.com/rust-lang/crates.io-index)" = "a9539db560102d1cef46b8b78ce737ff0bb64e7e18d35b2a5688f7d097d0ff03"
"checksum thread_local 0.2.7 (registry+https://github.com/rust-lang/crates.io-index)" = "8576dbbfcaef9641452d5cf0df9b0e7eeab7694956dd33bb61515fb8f18cfdd5"
"checksum thread_local 0.3.5 (registry+https://github.com/rust-lang/crates.io-index)" = "279ef31c19ededf577bfd12dfae728040a21f635b06a24cd670ff510edd38963"
"checksum time 0.1.39 (registry+https://github.com/rust-lang/crates.io-index)" = "a15375f1df02096fb3317256ce2cee6a1f42fc84ea5ad5fc8c421cfe40c73098"
"checksum typenum 1.9.0 (registry+https://github.com/rust-lang/crates.io-index)" = "13a99dc6780ef33c78780b826cf9d2a78840b72cae9474de4bcaf9051e60ebbd"
"checksum unicode-xid 0.0.4 (registry+https://github.com/rust-lang/crates.io-index)" = "8c1f860d7d29cf02cb2f3f359fd35991af3d30bac52c57d265a3c461074cb4dc"
"checksum unreachable 1.0.0 (registry+https://github.com/rust-lang/crates.io-index)" = "382810877fe448991dfc7f0dd6e3ae5d58088fd0ea5e35189655f84e6814fa56"
"checksum utf8-ranges 0.1.3 (registry+https://github.com/rust-lang/crates.io-index)" = "a1ca13c08c41c9c3e04224ed9ff80461d97e121589ff27c753a16cb10830ae0f"
"checksum utf8-ranges 1.0.0 (registry+https://github.com/rust-lang/crates.io-index)" = "662fab6525a98beff2921d7f61a39e7d59e0b425ebc7d0d9e66d316e55124122"
"checksum void 1.0.2 (registry+https://github.com/rust-lang/crates.io-index)" = "6a02e4885ed3bc0f2de90ea6dd45ebcbb66dacffe03547fadbb0eeae2770887d"
"checksum winapi 0.2.8 (registry+https://github.com/rust-lang/crates.io-index)" = "167dc9d6949a9b857f3451275e911c3f44255842c1f7a76f33c55103a909087a"
"checksum winapi 0.3.3 (registry+https://github.com/rust-lang/crates.io-index)" = "b09fb3b6f248ea4cd42c9a65113a847d612e17505d6ebd1f7357ad68a8bf8693"
"checksum winapi-build 0.1.1 (registry+https://github.com/rust-lang/crates.io-index)" = "2d315eee3b34aca4797b2da6b13ed88266e6d612562a0c46390af8299fc699bc"
"checksum winapi-i686-pc-windows-gnu 0.3.2 (registry+https://github.com/rust-lang/crates.io-index)" = "ec6667f60c23eca65c561e63a13d81b44234c2e38a6b6c959025ee907ec614cc"
"checksum winapi-x86_64-pc-windows-gnu 0.3.2 (registry+https://github.com/rust-lang/crates.io-index)" = "98f12c52b2630cd05d2c3ffd8e008f7f48252c042b4871c72aed9dc733b96668"
"checksum xml-rs 0.6.1 (registry+https://github.com/rust-lang/crates.io-index)" = "e1945e12e16b951721d7976520b0832496ef79c31602c7a29d950de79ba74621"
